lockfileVersion: '9.0'

settings:
  autoInstallPeers: true
  excludeLinksFromLockfile: false

importers:

  .:
    dependencies:
      '@atcute/atproto':
        specifier: ^3.1.10
        version: 3.1.10
      '@atcute/cid':
        specifier: ^2.4.1
        version: 2.4.1
      '@atcute/client':
        specifier: ^4.2.1
        version: 4.2.1
      '@atcute/identity':
        specifier: ^1.1.3
        version: 1.1.3
      '@atcute/identity-resolver':
        specifier: ^1.2.2
        version: 1.2.2(@atcute/identity@1.1.3)
      '@atcute/lexicons':
        specifier: ^1.2.9
        version: 1.2.9
      '@atcute/oauth-browser-client':
        specifier: ^3.0.0
        version: 3.0.0(@atcute/identity@1.1.3)
      '@atproto/syntax':
        specifier: ^0.4.3
        version: 0.4.3

packages:

  '@atcute/atproto@3.1.10':
    resolution: {integrity: sha512-+GKZpOc0PJcdWMQEkTfg/rSNDAAHxmAUGBl60g2az15etqJn5WaUPNGFE2sB7hKpwi5Ue2h/L0OacINcE/JDDQ==}

  '@atcute/cid@2.4.1':
    resolution: {integrity: sha512-bwhna69RCv7yetXudtj+2qrMPYvhhIQqvJz6YUpUS98v7OdF3X2dnye9Nig2NDrklZcuyOsu7sQo7GOykJXRLQ==}

  '@atcute/client@4.2.1':
    resolution: {integrity: sha512-ZBFM2pW075JtgGFu5g7HHZBecrClhlcNH8GVP9Zz1aViWR+cjjBsTpeE63rJs+FCOHFYlirUyo5L8SGZ4kMINw==}

  '@atcute/identity-resolver@1.2.2':
    resolution: {integrity: sha512-eUh/UH4bFvuXS0X7epYCeJC/kj4rbBXfSRumLEH4smMVwNOgTo7cL/0Srty+P/qVPoZEyXdfEbS0PHJyzoXmHw==}
    peerDependencies:
      '@atcute/identity': ^1.0.0

  '@atcute/identity@1.1.3':
    resolution: {integrity: sha512-oIqPoI8TwWeQxvcLmFEZLdN2XdWcaLVtlm8pNk0E72As9HNzzD9pwKPrLr3rmTLRIoULPPFmq9iFNsTeCIU9ng==}

  '@atcute/lexicons@1.2.9':
    resolution: {integrity: sha512-/RRHm2Cw9o8Mcsrq0eo8fjS9okKYLGfuFwrQ0YoP/6sdSDsXshaTLJsvLlcUcaDaSJ1YFOuHIo3zr2Om2F/16g==}

  '@atcute/multibase@1.1.8':
    resolution: {integrity: sha512-pJgtImMZKCjqwRbu+2GzB+4xQjKBXDwdZOzeqe0u97zYKRGftpGYGvYv3+pMe2xXe+msDyu7Nv8iJp+U14otTA==}

  '@atcute/oauth-browser-client@3.0.0':
    resolution: {integrity: sha512-7AbKV8tTe7aRJNJV7gCcWHSVEADb2nr58O1p7dQsf73HSe9pvlBkj/Vk1yjjtH691uAVYkwhHSh0bC7D8XdwJw==}

  '@atcute/oauth-crypto@0.1.0':
    resolution: {integrity: sha512-qZYDCNLF/4B6AndYT1rsQelN8621AC5u/sL5PHvlr/qqAbmmUwCBGjEgRSyZtHE1AqD60VNiSMlOgAuEQTSl3w==}

  '@atcute/oauth-keyset@0.1.0':
    resolution: {integrity: sha512-+wqT/+I5Lg9VzKnKY3g88+N45xbq+wsdT6bHDGqCVa2u57gRvolFF4dY+weMfc/OX641BIZO6/o+zFtKBsMQnQ==}

  '@atcute/oauth-types@0.1.1':
    resolution: {integrity: sha512-u+3KMjse3Uc/9hDyilu1QVN7IpcnjVXgRzhddzBB8Uh6wePHNVBDdi9wQvFTVVA3zmxtMJVptXRyLLg6Ou9bqg==}

  '@atcute/uint8array@1.1.1':
    resolution: {integrity: sha512-3LsC8XB8TKe9q/5hOA5sFuzGaIFdJZJNewC5OKa3o/eU6+K7JR6see9Zy2JbQERNVnRl11EzbNov1efgLMAs4g==}

  '@atcute/util-fetch@1.0.5':
    resolution: {integrity: sha512-qjHj01BGxjSjIFdPiAjSARnodJIIyKxnCMMEcXMESo9TAyND6XZQqrie5fia+LlYWVXdpsTds8uFQwc9jdKTig==}

  '@atcute/util-text@1.1.1':
    resolution: {integrity: sha512-JH0SxzUQJAmbOBTYyhxQbkkI6M33YpjlVLEcbP5GYt43xgFArzV0FJVmEpvIj0kjsmphHB45b6IitdvxPdec9w==}

  '@atproto/syntax@0.4.3':
    resolution: {integrity: sha512-YoZUz40YAJr5nPwvCDWgodEOlt5IftZqPJvA0JDWjuZKD8yXddTwSzXSaKQAzGOpuM+/A3uXRtPzJJqlScc+iA==}

  '@badrap/valita@0.4.6':
    resolution: {integrity: sha512-4kdqcjyxo/8RQ8ayjms47HCWZIF5981oE5nIenbfThKDxWXtEHKipAOWlflpPJzZx9y/JWYQkp18Awr7VuepFg==}
    engines: {node: '>= 18'}

  '@standard-schema/spec@1.1.0':
    resolution: {integrity: sha512-l2aFy5jALhniG5HgqrD6jXLi/rUWrKvqN/qJx6yoJsgKhblVd+iqqU4RCXavm/jPityDo5TCvKMnpjKnOriy0w==}

  esm-env@1.2.2:
    resolution: {integrity: sha512-Epxrv+Nr/CaL4ZcFGPJIYLWFom+YeV1DqMLHJoEd9SYRxNbaFruBwfEX/kkHUJf55j2+TUbmDcmuilbP1TmXHA==}

  nanoid@5.1.6:
    resolution: {integrity: sha512-c7+7RQ+dMB5dPwwCp4ee1/iV/q2P6aK1mTZcfr1BTuVlyW9hJYiMPybJCcnBlQtuSmTIWNeazm/zqNoZSSElBg==}
    engines: {node: ^18 || >=20}
    hasBin: true

  tslib@2.8.1:
    resolution: {integrity: sha512-oJFu94HQb+KVduSUQL7wnpmqnfmLsOA/nAh6b6EH0wCEoK0/mPeXU6c3wKDV83MkOuHPRHtSXKKU99IBazS/2w==}

  unicode-segmenter@0.14.5:
    resolution: {integrity: sha512-jHGmj2LUuqDcX3hqY12Ql+uhUTn8huuxNZGq7GvtF6bSybzH3aFgedYu/KTzQStEgt1Ra2F3HxadNXsNjb3m3g==}

snapshots:

  '@atcute/atproto@3.1.10':
    dependencies:
      '@atcute/lexicons': 1.2.9

  '@atcute/cid@2.4.1':
    dependencies:
      '@atcute/multibase': 1.1.8
      '@atcute/uint8array': 1.1.1

  '@atcute/client@4.2.1':
    dependencies:
      '@atcute/identity': 1.1.3
      '@atcute/lexicons': 1.2.9

  '@atcute/identity-resolver@1.2.2(@atcute/identity@1.1.3)':
    dependencies:
      '@atcute/identity': 1.1.3
      '@atcute/lexicons': 1.2.9
      '@atcute/util-fetch': 1.0.5
      '@badrap/valita': 0.4.6

  '@atcute/identity@1.1.3':
    dependencies:
      '@atcute/lexicons': 1.2.9
      '@badrap/valita': 0.4.6

  '@atcute/lexicons@1.2.9':
    dependencies:
      '@atcute/uint8array': 1.1.1
      '@atcute/util-text': 1.1.1
      '@standard-schema/spec': 1.1.0
      esm-env: 1.2.2

  '@atcute/multibase@1.1.8':
    dependencies:
      '@atcute/uint8array': 1.1.1

  '@atcute/oauth-browser-client@3.0.0(@atcute/identity@1.1.3)':
    dependencies:
      '@atcute/client': 4.2.1
      '@atcute/identity-resolver': 1.2.2(@atcute/identity@1.1.3)
      '@atcute/lexicons': 1.2.9
      '@atcute/multibase': 1.1.8
      '@atcute/oauth-crypto': 0.1.0
      '@atcute/oauth-types': 0.1.1
      nanoid: 5.1.6
    transitivePeerDependencies:
      - '@atcute/identity'

  '@atcute/oauth-crypto@0.1.0':
    dependencies:
      '@atcute/multibase': 1.1.8
      '@atcute/uint8array': 1.1.1
      '@badrap/valita': 0.4.6
      nanoid: 5.1.6

  '@atcute/oauth-keyset@0.1.0':
    dependencies:
      '@atcute/oauth-crypto': 0.1.0

  '@atcute/oauth-types@0.1.1':
    dependencies:
      '@atcute/identity': 1.1.3
      '@atcute/lexicons': 1.2.9
      '@atcute/oauth-keyset': 0.1.0
      '@badrap/valita': 0.4.6

  '@atcute/uint8array@1.1.1': {}

  '@atcute/util-fetch@1.0.5':
    dependencies:
      '@badrap/valita': 0.4.6

  '@atcute/util-text@1.1.1':
    dependencies:
      unicode-segmenter: 0.14.5

  '@atproto/syntax@0.4.3':
    dependencies:
      tslib: 2.8.1

  '@badrap/valita@0.4.6': {}

  '@standard-schema/spec@1.1.0': {}

  esm-env@1.2.2: {}

  nanoid@5.1.6: {}

  tslib@2.8.1: {}

  unicode-segmenter@0.14.5: {}
